
Microsoft Visual Studio Solution File, Format Version 12.00
# Visual Studio Version 17
VisualStudioVersion = 17.9.34728.123
MinimumVisualStudioVersion = 10.0.40219.1
Project("{9A19103F-16F7-4668-BE54-9A1E7A4F7556}") = "FastArena.WebHost", "src\FastArena.WebHost\FastArena.WebHost.csproj", "{07CBC566-5CCD-456F-8831-BEE8CF6530B6}"
EndProject
Project("{9A19103F-16F7-4668-BE54-9A1E7A4F7556}") = "FastArena.Core", "src\FastArena.Core\FastArena.Core.csproj", "{D6C35252-5767-4574-9A2B-D2DD36C3BE6C}"
EndProject
Project("{9A19103F-16F7-4668-BE54-9A1E7A4F7556}") = "FastArena.WebApi", "src\FastArena.WebApi\FastArena.WebApi.csproj", "{10D72149-5183-4A31-8827-E1381B2FE72C}"
EndProject
Project("{9A19103F-16F7-4668-BE54-9A1E7A4F7556}") = "FastArena.Dal", "src\FastArena.Dal\FastArena.Dal.csproj", "{3F54121E-F46E-43A7-AE97-BA5075E925A1}"
EndProject
Project("{9A19103F-16F7-4668-BE54-9A1E7A4F7556}") = "FastArena.Core.Tests", "src\FastArena.Core.Tests\FastArena.Core.Tests.csproj", "{84045C57-6B16-4A88-AF1F-CC8704DAA9A1}"
EndProject
Project("{FAE04EC0-301F-11D3-BF4B-00C04F79EFBC}") = "FastArena.ApiClientGenerator", "src\FastArena.ApiClientGenerator\FastArena.ApiClientGenerator.csproj", "{C3745885-AEF5-41F5-B955-E3D154B14F1B}"
EndProject
Global
	GlobalSection(SolutionConfigurationPlatforms) = preSolution
		Debug|Any CPU = Debug|Any CPU
		Release|Any CPU = Release|Any CPU
	EndGlobalSection
	GlobalSection(ProjectConfigurationPlatforms) = postSolution
		{07CBC566-5CCD-456F-8831-BEE8CF6530B6}.Debug|Any CPU.ActiveCfg = Debug|Any CPU
		{07CBC566-5CCD-456F-8831-BEE8CF6530B6}.Debug|Any CPU.Build.0 = Debug|Any CPU
		{07CBC566-5CCD-456F-8831-BEE8CF6530B6}.Release|Any CPU.ActiveCfg = Release|Any CPU
		{07CBC566-5CCD-456F-8831-BEE8CF6530B6}.Release|Any CPU.Build.0 = Release|Any CPU
		{D6C35252-5767-4574-9A2B-D2DD36C3BE6C}.Debug|Any CPU.ActiveCfg = Debug|Any CPU
		{D6C35252-5767-4574-9A2B-D2DD36C3BE6C}.Debug|Any CPU.Build.0 = Debug|Any CPU
		{D6C35252-5767-4574-9A2B-D2DD36C3BE6C}.Release|Any CPU.ActiveCfg = Release|Any CPU
		{D6C35252-5767-4574-9A2B-D2DD36C3BE6C}.Release|Any CPU.Build.0 = Release|Any CPU
		{10D72149-5183-4A31-8827-E1381B2FE72C}.Debug|Any CPU.ActiveCfg = Debug|Any CPU
		{10D72149-5183-4A31-8827-E1381B2FE72C}.Debug|Any CPU.Build.0 = Debug|Any CPU
		{10D72149-5183-4A31-8827-E1381B2FE72C}.Release|Any CPU.ActiveCfg = Release|Any CPU
		{10D72149-5183-4A31-8827-E1381B2FE72C}.Release|Any CPU.Build.0 = Release|Any CPU
		{3F54121E-F46E-43A7-AE97-BA5075E925A1}.Debug|Any CPU.ActiveCfg = Debug|Any CPU
		{3F54121E-F46E-43A7-AE97-BA5075E925A1}.Debug|Any CPU.Build.0 = Debug|Any CPU
		{3F54121E-F46E-43A7-AE97-BA5075E925A1}.Release|Any CPU.ActiveCfg = Release|Any CPU
		{3F54121E-F46E-43A7-AE97-BA5075E925A1}.Release|Any CPU.Build.0 = Release|Any CPU
		{84045C57-6B16-4A88-AF1F-CC8704DAA9A1}.Debug|Any CPU.ActiveCfg = Debug|Any CPU
		{84045C57-6B16-4A88-AF1F-CC8704DAA9A1}.Debug|Any CPU.Build.0 = Debug|Any CPU
		{84045C57-6B16-4A88-AF1F-CC8704DAA9A1}.Release|Any CPU.ActiveCfg = Release|Any CPU
		{84045C57-6B16-4A88-AF1F-CC8704DAA9A1}.Release|Any CPU.Build.0 = Release|Any CPU
		{C3745885-AEF5-41F5-B955-E3D154B14F1B}.Debug|Any CPU.ActiveCfg = Debug|Any CPU
		{C3745885-AEF5-41F5-B955-E3D154B14F1B}.Debug|Any CPU.Build.0 = Debug|Any CPU
		{C3745885-AEF5-41F5-B955-E3D154B14F1B}.Release|Any CPU.ActiveCfg = Release|Any CPU
		{C3745885-AEF5-41F5-B955-E3D154B14F1B}.Release|Any CPU.Build.0 = Release|Any CPU
	EndGlobalSection
	GlobalSection(SolutionProperties) = preSolution
		HideSolutionNode = FALSE
	EndGlobalSection
	GlobalSection(ExtensibilityGlobals) = postSolution
		SolutionGuid = {A228C15D-EE52-4246-871E-193ED7AF8256}
	EndGlobalSection
EndGlobal
